
Microsoft Visual Studio Solution File, Format Version 12.00
# Visual Studio 15
VisualStudioVersion = 15.0.28307.329
MinimumVisualStudioVersion = 10.0.40219.1
Project("{FAE04EC0-301F-11D3-BF4B-00C04F79EFBC}") = "Assigment_3_Group_5", "Assigment_3_Group_5\Assigment_3_Group_5.csproj", "{23193ACE-17E0-467A-A30C-826D88376ADD}"
EndProject
Global
	GlobalSection(SolutionConfigurationPlatforms) = preSolution
		Debug|Any CPU = Debug|Any CPU
		Release|Any CPU = Release|Any CPU
	EndGlobalSection
	GlobalSection(ProjectConfigurationPlatforms) = postSolution
		{23193ACE-17E0-467A-A30C-826D88376ADD}.Debug|Any CPU.ActiveCfg = Debug|Any CPU
		{23193ACE-17E0-467A-A30C-826D88376ADD}.Debug|Any CPU.Build.0 = Debug|Any CPU
		{23193ACE-17E0-467A-A30C-826D88376ADD}.Release|Any CPU.ActiveCfg = Release|Any CPU
		{23193ACE-17E0-467A-A30C-826D88376ADD}.Release|Any CPU.Build.0 = Release|Any CPU
	EndGlobalSection
	GlobalSection(SolutionProperties) = preSolution
		HideSolutionNode = FALSE
	EndGlobalSection
	GlobalSection(ExtensibilityGlobals) = postSolution
		SolutionGuid = {B8CE7B83-4368-433B-AE8C-3A332B21C273}
	EndGlobalSection
EndGlobal
